
Microsoft Visual Studio Solution File, Format Version 12.00
# Visual Studio 15
Project("{FAE04EC0-301F-11D3-BF4B-00C04F79EFBC}") = "Unity.Model", "Unity.Model.csproj", "{43F9AEF8-3F92-0C9A-C081-BA12E21A461E}"
EndProject
Project("{FAE04EC0-301F-11D3-BF4B-00C04F79EFBC}") = "XAsset.Runtime", "XAsset.Runtime.csproj", "{0BAEF212-1240-CF1C-51CC-E09BDEC74FA5}"
EndProject
Project("{FAE04EC0-301F-11D3-BF4B-00C04F79EFBC}") = "Unity.Hotfix", "Unity.Hotfix.csproj", "{F83EA74F-8E3E-953A-61DD-EDEA08A45075}"
EndProject
Project("{FAE04EC0-301F-11D3-BF4B-00C04F79EFBC}") = "XAsset.Editor", "XAsset.Editor.csproj", "{2E6194DD-A623-32BE-7F26-45837FB1F69A}"
EndProject
Project("{FAE04EC0-301F-11D3-BF4B-00C04F79EFBC}") = "Assembly-CSharp-Editor", "Assembly-CSharp-Editor.csproj", "{B63A8B5B-3B86-0E2A-5D38-673144933ACD}"
EndProject
Global
	GlobalSection(SolutionConfigurationPlatforms) = preSolution
		Debug|Any CPU = Debug|Any CPU
		Release|Any CPU = Release|Any CPU
	EndGlobalSection
	GlobalSection(ProjectConfigurationPlatforms) = postSolution
		{43F9AEF8-3F92-0C9A-C081-BA12E21A461E}.Debug|Any CPU.ActiveCfg = Debug|Any CPU
		{43F9AEF8-3F92-0C9A-C081-BA12E21A461E}.Debug|Any CPU.Build.0 = Debug|Any CPU
		{43F9AEF8-3F92-0C9A-C081-BA12E21A461E}.Release|Any CPU.ActiveCfg = Release|Any CPU
		{43F9AEF8-3F92-0C9A-C081-BA12E21A461E}.Release|Any CPU.Build.0 = Release|Any CPU
		{0BAEF212-1240-CF1C-51CC-E09BDEC74FA5}.Debug|Any CPU.ActiveCfg = Debug|Any CPU
		{0BAEF212-1240-CF1C-51CC-E09BDEC74FA5}.Debug|Any CPU.Build.0 = Debug|Any CPU
		{0BAEF212-1240-CF1C-51CC-E09BDEC74FA5}.Release|Any CPU.ActiveCfg = Release|Any CPU
		{0BAEF212-1240-CF1C-51CC-E09BDEC74FA5}.Release|Any CPU.Build.0 = Release|Any CPU
		{F83EA74F-8E3E-953A-61DD-EDEA08A45075}.Debug|Any CPU.ActiveCfg = Debug|Any CPU
		{F83EA74F-8E3E-953A-61DD-EDEA08A45075}.Debug|Any CPU.Build.0 = Debug|Any CPU
		{F83EA74F-8E3E-953A-61DD-EDEA08A45075}.Release|Any CPU.ActiveCfg = Release|Any CPU
		{F83EA74F-8E3E-953A-61DD-EDEA08A45075}.Release|Any CPU.Build.0 = Release|Any CPU
		{2E6194DD-A623-32BE-7F26-45837FB1F69A}.Debug|Any CPU.ActiveCfg = Debug|Any CPU
		{2E6194DD-A623-32BE-7F26-45837FB1F69A}.Debug|Any CPU.Build.0 = Debug|Any CPU
		{2E6194DD-A623-32BE-7F26-45837FB1F69A}.Release|Any CPU.ActiveCfg = Release|Any CPU
		{2E6194DD-A623-32BE-7F26-45837FB1F69A}.Release|Any CPU.Build.0 = Release|Any CPU
		{B63A8B5B-3B86-0E2A-5D38-673144933ACD}.Debug|Any CPU.ActiveCfg = Debug|Any CPU
		{B63A8B5B-3B86-0E2A-5D38-673144933ACD}.Debug|Any CPU.Build.0 = Debug|Any CPU
		{B63A8B5B-3B86-0E2A-5D38-673144933ACD}.Release|Any CPU.ActiveCfg = Release|Any CPU
		{B63A8B5B-3B86-0E2A-5D38-673144933ACD}.Release|Any CPU.Build.0 = Release|Any CPU
	EndGlobalSection
	GlobalSection(SolutionProperties) = preSolution
		HideSolutionNode = FALSE
	EndGlobalSection
EndGlobal
